
Microsoft Visual Studio Solution File, Format Version 12.00
# Visual Studio Version 16
VisualStudioVersion = 16.0.32630.194
MinimumVisualStudioVersion = 10.0.40219.1
Project("{FAE04EC0-301F-11D3-BF4B-00C04F79EFBC}") = "Model", "Lab3\Model.csproj", "{D16BA462-6AC9-48E1-9D7B-AFA5B08E7331}"
EndProject
Project("{FAE04EC0-301F-11D3-BF4B-00C04F79EFBC}") = "FormView", "FormView\FormView.csproj", "{1B8B9D06-E2BF-4223-B5A3-E01F1B2F6ABB}"
EndProject
Project("{2150E333-8FDC-42A3-9474-1A3956D46DE8}") = "Solution Items", "Solution Items", "{03F3BCD4-7B4A-4C84-8B8E-97449D028FDF}"
	ProjectSection(SolutionItems) = preProject
		..\..\..\Desktop\Арбачаков_ЛБ5.docx = ..\..\..\Desktop\Арбачаков_ЛБ5.docx
	EndProjectSection
EndProject
Global
	GlobalSection(SolutionConfigurationPlatforms) = preSolution
		Debug|Any CPU = Debug|Any CPU
		Release|Any CPU = Release|Any CPU
	EndGlobalSection
	GlobalSection(ProjectConfigurationPlatforms) = postSolution
		{D16BA462-6AC9-48E1-9D7B-AFA5B08E7331}.Debug|Any CPU.ActiveCfg = Debug|Any CPU
		{D16BA462-6AC9-48E1-9D7B-AFA5B08E7331}.Debug|Any CPU.Build.0 = Debug|Any CPU
		{D16BA462-6AC9-48E1-9D7B-AFA5B08E7331}.Release|Any CPU.ActiveCfg = Release|Any CPU
		{D16BA462-6AC9-48E1-9D7B-AFA5B08E7331}.Release|Any CPU.Build.0 = Release|Any CPU
		{1B8B9D06-E2BF-4223-B5A3-E01F1B2F6ABB}.Debug|Any CPU.ActiveCfg = Debug|Any CPU
		{1B8B9D06-E2BF-4223-B5A3-E01F1B2F6ABB}.Debug|Any CPU.Build.0 = Debug|Any CPU
		{1B8B9D06-E2BF-4223-B5A3-E01F1B2F6ABB}.Release|Any CPU.ActiveCfg = Release|Any CPU
		{1B8B9D06-E2BF-4223-B5A3-E01F1B2F6ABB}.Release|Any CPU.Build.0 = Release|Any CPU
	EndGlobalSection
	GlobalSection(SolutionProperties) = preSolution
		HideSolutionNode = FALSE
	EndGlobalSection
	GlobalSection(ExtensibilityGlobals) = postSolution
		SolutionGuid = {5D0EF1F6-3074-4204-A739-782D432F9603}
	EndGlobalSection
EndGlobal
